
Microsoft Visual Studio Solution File, Format Version 12.00
Project("{FAE04EC0-301F-11D3-BF4B-00C04F79EFBC}") = "DailyPlannerWeb", "DailyPlannerWeb\DailyPlannerWeb.csproj", "{8951A503-787E-4420-B515-8D4737689716}"
EndProject
Global
	GlobalSection(SolutionConfigurationPlatforms) = preSolution
		Debug|Any CPU = Debug|Any CPU
		Release|Any CPU = Release|Any CPU
	EndGlobalSection
	GlobalSection(ProjectConfigurationPlatforms) = postSolution
		{8951A503-787E-4420-B515-8D4737689716}.Debug|Any CPU.ActiveCfg = Debug|Any CPU
		{8951A503-787E-4420-B515-8D4737689716}.Debug|Any CPU.Build.0 = Debug|Any CPU
		{8951A503-787E-4420-B515-8D4737689716}.Release|Any CPU.ActiveCfg = Release|Any CPU
		{8951A503-787E-4420-B515-8D4737689716}.Release|Any CPU.Build.0 = Release|Any CPU
	EndGlobalSection
EndGlobal
